// !$*UTF8*$!
{
	archiveVersion = 1;
	classes = {
	};
	objectVersion = 56;
	objects = {

/* Begin PBXBuildFile section */
		881E135329A523F500EA525C /* MPlayApp.swift in Sources */ = {isa = PBXBuildFile; fileRef = 881E135229A523F500EA525C /* MPlayApp.swift */; };
		881E135729A523F600EA525C /* Assets.xcassets in Resources */ = {isa = PBXBuildFile; fileRef = 881E135629A523F600EA525C /* Assets.xcassets */; };
		881E135A29A523F600EA525C /* Preview Assets.xcassets in Resources */ = {isa = PBXBuildFile; fileRef = 881E135929A523F600EA525C /* Preview Assets.xcassets */; };
		881E135C29A523F600EA525C /* Persistence.swift in Sources */ = {isa = PBXBuildFile; fileRef = 881E135B29A523F600EA525C /* Persistence.swift */; };
		881E135F29A523F600EA525C /* MPlay.xcdatamodeld in Sources */ = {isa = PBXBuildFile; fileRef = 881E135D29A523F600EA525C /* MPlay.xcdatamodeld */; };
		881E136929A523F600EA525C /* MPlayTests.swift in Sources */ = {isa = PBXBuildFile; fileRef = 881E136829A523F600EA525C /* MPlayTests.swift */; };
		881E137329A523F600EA525C /* MPlayUITests.swift in Sources */ = {isa = PBXBuildFile; fileRef = 881E137229A523F600EA525C /* MPlayUITests.swift */; };
		881E137529A523F600EA525C /* MPlayUITestsLaunchTests.swift in Sources */ = {isa = PBXBuildFile; fileRef = 881E137429A523F600EA525C /* MPlayUITestsLaunchTests.swift */; };
		88FC8BBC29EC63BA00841CA0 /* Landing in Frameworks */ = {isa = PBXBuildFile; productRef = 88FC8BBB29EC63BA00841CA0 /* Landing */; };
		88FC8BBE29EC63DA00841CA0 /* Home in Frameworks */ = {isa = PBXBuildFile; productRef = 88FC8BBD29EC63DA00841CA0 /* Home */; };
/* End PBXBuildFile section */

/* Begin PBXContainerItemProxy section */
		881E136529A523F600EA525C /* PBXContainerItemProxy */ = {
			isa = PBXContainerItemProxy;
			containerPortal = 881E134729A523F500EA525C /* Project object */;
			proxyType = 1;
			remoteGlobalIDString = 881E134E29A523F500EA525C;
			remoteInfo = MPlay;
		};
		881E136F29A523F600EA525C /* PBXContainerItemProxy */ = {
			isa = PBXContainerItemProxy;
			containerPortal = 881E134729A523F500EA525C /* Project object */;
			proxyType = 1;
			remoteGlobalIDString = 881E134E29A523F500EA525C;
			remoteInfo = MPlay;
		};
/* End PBXContainerItemProxy section */

/* Begin PBXFileReference section */
		881E134F29A523F500EA525C /* MPlay.app */ = {isa = PBXFileReference; explicitFileType = wrapper.application; includeInIndex = 0; path = MPlay.app; sourceTree = BUILT_PRODUCTS_DIR; };
		881E135229A523F500EA525C /* MPlayApp.swift */ = {isa = PBXFileReference; lastKnownFileType = sourcecode.swift; path = MPlayApp.swift; sourceTree = "<group>"; };
		881E135629A523F600EA525C /* Assets.xcassets */ = {isa = PBXFileReference; lastKnownFileType = folder.assetcatalog; path = Assets.xcassets; sourceTree = "<group>"; };
		881E135929A523F600EA525C /* Preview Assets.xcassets */ = {isa = PBXFileReference; lastKnownFileType = folder.assetcatalog; path = "Preview Assets.xcassets"; sourceTree = "<group>"; };
		881E135B29A523F600EA525C /* Persistence.swift */ = {isa = PBXFileReference; lastKnownFileType = sourcecode.swift; path = Persistence.swift; sourceTree = "<group>"; };
		881E135E29A523F600EA525C /* MPlay.xcdatamodel */ = {isa = PBXFileReference; lastKnownFileType = wrapper.xcdatamodel; path = MPlay.xcdatamodel; sourceTree = "<group>"; };
		881E136429A523F600EA525C /* MPlayTests.xctest */ = {isa = PBXFileReference; explicitFileType = wrapper.cfbundle; includeInIndex = 0; path = MPlayTests.xctest; sourceTree = BUILT_PRODUCTS_DIR; };
		881E136829A523F600EA525C /* MPlayTests.swift */ = {isa = PBXFileReference; lastKnownFileType = sourcecode.swift; path = MPlayTests.swift; sourceTree = "<group>"; };
		881E136E29A523F600EA525C /* MPlayUITests.xctest */ = {isa = PBXFileReference; explicitFileType = wrapper.cfbundle; includeInIndex = 0; path = MPlayUITests.xctest; sourceTree = BUILT_PRODUCTS_DIR; };
		881E137229A523F600EA525C /* MPlayUITests.swift */ = {isa = PBXFileReference; lastKnownFileType = sourcecode.swift; path = MPlayUITests.swift; sourceTree = "<group>"; };
		881E137429A523F600EA525C /* MPlayUITestsLaunchTests.swift */ = {isa = PBXFileReference; lastKnownFileType = sourcecode.swift; path = MPlayUITestsLaunchTests.swift; sourceTree = "<group>"; };
		8891A77829A6575A0050A1B0 /* Info.plist */ = {isa = PBXFileReference; lastKnownFileType = text.plist; path = Info.plist; sourceTree = "<group>"; };
		88FC8BB029EBBA0100841CA0 /* Landing */ = {isa = PBXFileReference; lastKnownFileType = wrapper; path = Landing; sourceTree = "<group>"; };
		88FC8BB629EC04BE00841CA0 /* Home */ = {isa = PBXFileReference; lastKnownFileType = wrapper; path = Home; sourceTree = "<group>"; };
/* End PBXFileReference section */

/* Begin PBXFrameworksBuildPhase section */
		881E134C29A523F500EA525C /* Frameworks */ = {
			isa = PBXFrameworksBuildPhase;
			buildActionMask = 2147483647;
			files = (
				88FC8BBC29EC63BA00841CA0 /* Landing in Frameworks */,
				88FC8BBE29EC63DA00841CA0 /* Home in Frameworks */,
			);
			runOnlyForDeploymentPostprocessing = 0;
		};
		881E136129A523F600EA525C /* Frameworks */ = {
			isa = PBXFrameworksBuildPhase;
			buildActionMask = 2147483647;
			files = (
			);
			runOnlyForDeploymentPostprocessing = 0;
		};
		881E136B29A523F600EA525C /* Frameworks */ = {
			isa = PBXFrameworksBuildPhase;
			buildActionMask = 2147483647;
			files = (
			);
			runOnlyForDeploymentPostprocessing = 0;
		};
/* End PBXFrameworksBuildPhase section */

/* Begin PBXGroup section */
		881E134629A523F500EA525C = {
			isa = PBXGroup;
			children = (
				88FC8BB629EC04BE00841CA0 /* Home */,
				88FC8BB029EBBA0100841CA0 /* Landing */,
				881E135129A523F500EA525C /* MPlay */,
				881E136729A523F600EA525C /* MPlayTests */,
				881E137129A523F600EA525C /* MPlayUITests */,
				881E135029A523F500EA525C /* Products */,
				88FC8BB329EBBC7300841CA0 /* Frameworks */,
			);
			sourceTree = "<group>";
		};
		881E135029A523F500EA525C /* Products */ = {
			isa = PBXGroup;
			children = (
				881E134F29A523F500EA525C /* MPlay.app */,
				881E136429A523F600EA525C /* MPlayTests.xctest */,
				881E136E29A523F600EA525C /* MPlayUITests.xctest */,
			);
			name = Products;
			sourceTree = "<group>";
		};
		881E135129A523F500EA525C /* MPlay */ = {
			isa = PBXGroup;
			children = (
				8891A77F29A65E4F0050A1B0 /* App */,
				8891A78029A65EFF0050A1B0 /* Persistence */,
				881E135629A523F600EA525C /* Assets.xcassets */,
				8891A77829A6575A0050A1B0 /* Info.plist */,
				881E135D29A523F600EA525C /* MPlay.xcdatamodeld */,
				881E135829A523F600EA525C /* Preview Content */,
			);
			path = MPlay;
			sourceTree = "<group>";
		};
		881E135829A523F600EA525C /* Preview Content */ = {
			isa = PBXGroup;
			children = (
				881E135929A523F600EA525C /* Preview Assets.xcassets */,
			);
			path = "Preview Content";
			sourceTree = "<group>";
		};
		881E136729A523F600EA525C /* MPlayTests */ = {
			isa = PBXGroup;
			children = (
				881E136829A523F600EA525C /* MPlayTests.swift */,
			);
			path = MPlayTests;
			sourceTree = "<group>";
		};
		881E137129A523F600EA525C /* MPlayUITests */ = {
			isa = PBXGroup;
			children = (
				881E137229A523F600EA525C /* MPlayUITests.swift */,
				881E137429A523F600EA525C /* MPlayUITestsLaunchTests.swift */,
			);
			path = MPlayUITests;
			sourceTree = "<group>";
		};
		8891A77F29A65E4F0050A1B0 /* App */ = {
			isa = PBXGroup;
			children = (
				881E135229A523F500EA525C /* MPlayApp.swift */,
			);
			path = App;
			sourceTree = "<group>";
		};
		8891A78029A65EFF0050A1B0 /* Persistence */ = {
			isa = PBXGroup;
			children = (
				881E135B29A523F600EA525C /* Persistence.swift */,
			);
			path = Persistence;
			sourceTree = "<group>";
		};
		88FC8BB329EBBC7300841CA0 /* Frameworks */ = {
			isa = PBXGroup;
			children = (
			);
			name = Frameworks;
			sourceTree = "<group>";
		};
/* End PBXGroup section */

/* Begin PBXNativeTarget section */
		881E134E29A523F500EA525C /* MPlay */ = {
			isa = PBXNativeTarget;
			buildConfigurationList = 881E137829A523F600EA525C /* Build configuration list for PBXNativeTarget "MPlay" */;
			buildPhases = (
				881E134B29A523F500EA525C /* Sources */,
				881E134C29A523F500EA525C /* Frameworks */,
				881E134D29A523F500EA525C /* Resources */,
			);
			buildRules = (
			);
			dependencies = (
			);
			name = MPlay;
			packageProductDependencies = (
				88FC8BBB29EC63BA00841CA0 /* Landing */,
				88FC8BBD29EC63DA00841CA0 /* Home */,
			);
			productName = MPlay;
			productReference = 881E134F29A523F500EA525C /* MPlay.app */;
			productType = "com.apple.product-type.application";
		};
		881E136329A523F600EA525C /* MPlayTests */ = {
			isa = PBXNativeTarget;
			buildConfigurationList = 881E137B29A523F600EA525C /* Build configuration list for PBXNativeTarget "MPlayTests" */;
			buildPhases = (
				881E136029A523F600EA525C /* Sources */,
				881E136129A523F600EA525C /* Frameworks */,
				881E136229A523F600EA525C /* Resources */,
			);
			buildRules = (
			);
			dependencies = (
				881E136629A523F600EA525C /* PBXTargetDependency */,
			);
			name = MPlayTests;
			productName = MPlayTests;
			productReference = 881E136429A523F600EA525C /* MPlayTests.xctest */;
			productType = "com.apple.product-type.bundle.unit-test";
		};
		881E136D29A523F600EA525C /* MPlayUITests */ = {
			isa = PBXNativeTarget;
			buildConfigurationList = 881E137E29A523F600EA525C /* Build configuration list for PBXNativeTarget "MPlayUITests" */;
			buildPhases = (
				881E136A29A523F600EA525C /* Sources */,
				881E136B29A523F600EA525C /* Frameworks */,
				881E136C29A523F600EA525C /* Resources */,
			);
			buildRules = (
			);
			dependencies = (
				881E137029A523F600EA525C /* PBXTargetDependency */,
			);
			name = MPlayUITests;
			productName = MPlayUITests;
			productReference = 881E136E29A523F600EA525C /* MPlayUITests.xctest */;
			productType = "com.apple.product-type.bundle.ui-testing";
		};
/* End PBXNativeTarget section */

/* Begin PBXProject section */
		881E134729A523F500EA525C /* Project object */ = {
			isa = PBXProject;
			attributes = {
				BuildIndependentTargetsInParallel = 1;
				LastSwiftUpdateCheck = 1410;
				LastUpgradeCheck = 1410;
				TargetAttributes = {
					881E134E29A523F500EA525C = {
						CreatedOnToolsVersion = 14.1;
					};
					881E136329A523F600EA525C = {
						CreatedOnToolsVersion = 14.1;
						TestTargetID = 881E134E29A523F500EA525C;
					};
					881E136D29A523F600EA525C = {
						CreatedOnToolsVersion = 14.1;
						TestTargetID = 881E134E29A523F500EA525C;
					};
				};
			};
			buildConfigurationList = 881E134A29A523F500EA525C /* Build configuration list for PBXProject "MPlay" */;
			compatibilityVersion = "Xcode 14.0";
			developmentRegion = en;
			hasScannedForEncodings = 0;
			knownRegions = (
				en,
				Base,
			);
			mainGroup = 881E134629A523F500EA525C;
			packageReferences = (
			);
			productRefGroup = 881E135029A523F500EA525C /* Products */;
			projectDirPath = "";
			projectRoot = "";
			targets = (
				881E134E29A523F500EA525C /* MPlay */,
				881E136329A523F600EA525C /* MPlayTests */,
				881E136D29A523F600EA525C /* MPlayUITests */,
			);
		};
/* End PBXProject section */

/* Begin PBXResourcesBuildPhase section */
		881E134D29A523F500EA525C /* Resources */ = {
			isa = PBXResourcesBuildPhase;
			buildActionMask = 2147483647;
			files = (
				881E135A29A523F600EA525C /* Preview Assets.xcassets in Resources */,
				881E135729A523F600EA525C /* Assets.xcassets in Resources */,
			);
			runOnlyForDeploymentPostprocessing = 0;
		};
		881E136229A523F600EA525C /* Resources */ = {
			isa = PBXResourcesBuildPhase;
			buildActionMask = 2147483647;
			files = (
			);
			runOnlyForDeploymentPostprocessing = 0;
		};
		881E136C29A523F600EA525C /* Resources */ = {
			isa = PBXResourcesBuildPhase;
			buildActionMask = 2147483647;
			files = (
			);
			runOnlyForDeploymentPostprocessing = 0;
		};
/* End PBXResourcesBuildPhase section */

/* Begin PBXSourcesBuildPhase section */
		881E134B29A523F500EA525C /* Sources */ = {
			isa = PBXSourcesBuildPhase;
			buildActionMask = 2147483647;
			files = (
				881E135C29A523F600EA525C /* Persistence.swift in Sources */,
				881E135F29A523F600EA525C /* MPlay.xcdatamodeld in Sources */,
				881E135329A523F500EA525C /* MPlayApp.swift in Sources */,
			);
			runOnlyForDeploymentPostprocessing = 0;
		};
		881E136029A523F600EA525C /* Sources */ = {
			isa = PBXSourcesBuildPhase;
			buildActionMask = 2147483647;
			files = (
				881E136929A523F600EA525C /* MPlayTests.swift in Sources */,
			);
			runOnlyForDeploymentPostprocessing = 0;
		};
		881E136A29A523F600EA525C /* Sources */ = {
			isa = PBXSourcesBuildPhase;
			buildActionMask = 2147483647;
			files = (
				881E137529A523F600EA525C /* MPlayUITestsLaunchTests.swift in Sources */,
				881E137329A523F600EA525C /* MPlayUITests.swift in Sources */,
			);
			runOnlyForDeploymentPostprocessing = 0;
		};
/* End PBXSourcesBuildPhase section */

/* Begin PBXTargetDependency section */
		881E136629A523F600EA525C /* PBXTargetDependency */ = {
			isa = PBXTargetDependency;
			target = 881E134E29A523F500EA525C /* MPlay */;
			targetProxy = 881E136529A523F600EA525C /* PBXContainerItemProxy */;
		};
		881E137029A523F600EA525C /* PBXTargetDependency */ = {
			isa = PBXTargetDependency;
			target = 881E134E29A523F500EA525C /* MPlay */;
			targetProxy = 881E136F29A523F600EA525C /* PBXContainerItemProxy */;
		};
/* End PBXTargetDependency section */

/* Begin XCBuildConfiguration section */
		881E137629A523F600EA525C /* Debug */ = {
			isa = XCBuildConfiguration;
			buildSettings = {
				ALWAYS_SEARCH_USER_PATHS = NO;
				CLANG_ANALYZER_NONNULL = YES;
				CLANG_ANALYZER_NUMBER_OBJECT_CONVERSION = YES_AGGRESSIVE;
				CLANG_CXX_LANGUAGE_STANDARD = "gnu++20";
				CLANG_ENABLE_MODULES = YES;
				CLANG_ENABLE_OBJC_ARC = YES;
				CLANG_ENABLE_OBJC_WEAK = YES;
				CLANG_WARN_BLOCK_CAPTURE_AUTORELEASING = YES;
				CLANG_WARN_BOOL_CONVERSION = YES;
				CLANG_WARN_COMMA = YES;
				CLANG_WARN_CONSTANT_CONVERSION = YES;
				CLANG_WARN_DEPRECATED_OBJC_IMPLEMENTATIONS = YES;
				CLANG_WARN_DIRECT_OBJC_ISA_USAGE = YES_ERROR;
				CLANG_WARN_DOCUMENTATION_COMMENTS = YES;
				CLANG_WARN_EMPTY_BODY = YES;
				CLANG_WARN_ENUM_CONVERSION = YES;
				CLANG_WARN_INFINITE_RECURSION = YES;
				CLANG_WARN_INT_CONVERSION = YES;
				CLANG_WARN_NON_LITERAL_NULL_CONVERSION = YES;
				CLANG_WARN_OBJC_IMPLICIT_RETAIN_SELF = YES;
				CLANG_WARN_OBJC_LITERAL_CONVERSION = YES;
				CLANG_WARN_OBJC_ROOT_CLASS = YES_ERROR;
				CLANG_WARN_QUOTED_INCLUDE_IN_FRAMEWORK_HEADER = YES;
				CLANG_WARN_RANGE_LOOP_ANALYSIS = YES;
				CLANG_WARN_STRICT_PROTOTYPES = YES;
				CLANG_WARN_SUSPICIOUS_MOVE = YES;
				CLANG_WARN_UNGUARDED_AVAILABILITY = YES_AGGRESSIVE;
				CLANG_WARN_UNREACHABLE_CODE = YES;
				CLANG_WARN__DUPLICATE_METHOD_MATCH = YES;
				COPY_PHASE_STRIP = NO;
				DEBUG_INFORMATION_FORMAT = dwarf;
				ENABLE_STRICT_OBJC_MSGSEND = YES;
				ENABLE_TESTABILITY = YES;
				GCC_C_LANGUAGE_STANDARD = gnu11;
				GCC_DYNAMIC_NO_PIC = NO;
				GCC_NO_COMMON_BLOCKS = YES;
				GCC_OPTIMIZATION_LEVEL = 0;
				GCC_PREPROCESSOR_DEFINITIONS = (
					"DEBUG=1",
					"$(inherited)",
				);
				GCC_WARN_64_TO_32_BIT_CONVERSION = YES;
				GCC_WARN_ABOUT_RETURN_TYPE = YES_ERROR;
				GCC_WARN_UNDECLARED_SELECTOR = YES;
				GCC_WARN_UNINITIALIZED_AUTOS = YES_AGGRESSIVE;
				GCC_WARN_UNUSED_FUNCTION = YES;
				GCC_WARN_UNUSED_VARIABLE = YES;
				IPHONEOS_DEPLOYMENT_TARGET = 16.1;
				MTL_ENABLE_DEBUG_INFO = INCLUDE_SOURCE;
				MTL_FAST_MATH = YES;
				ONLY_ACTIVE_ARCH = YES;
				SDKROOT = iphoneos;
				SWIFT_ACTIVE_COMPILATION_CONDITIONS = DEBUG;
				SWIFT_OPTIMIZATION_LEVEL = "-Onone";
			};
			name = Debug;
		};
		881E137729A523F600EA525C /* Release */ = {
			isa = XCBuildConfiguration;
			buildSettings = {
				ALWAYS_SEARCH_USER_PATHS = NO;
				CLANG_ANALYZER_NONNULL = YES;
				CLANG_ANALYZER_NUMBER_OBJECT_CONVERSION = YES_AGGRESSIVE;
				CLANG_CXX_LANGUAGE_STANDARD = "gnu++20";
				CLANG_ENABLE_MODULES = YES;
				CLANG_ENABLE_OBJC_ARC = YES;
				CLANG_ENABLE_OBJC_WEAK = YES;
				CLANG_WARN_BLOCK_CAPTURE_AUTORELEASING = YES;
				CLANG_WARN_BOOL_CONVERSION = YES;
				CLANG_WARN_COMMA = YES;
				CLANG_WARN_CONSTANT_CONVERSION = YES;
				CLANG_WARN_DEPRECATED_OBJC_IMPLEMENTATIONS = YES;
				CLANG_WARN_DIRECT_OBJC_ISA_USAGE = YES_ERROR;
				CLANG_WARN_DOCUMENTATION_COMMENTS = YES;
				CLANG_WARN_EMPTY_BODY = YES;
				CLANG_WARN_ENUM_CONVERSION = YES;
				CLANG_WARN_INFINITE_RECURSION = YES;
				CLANG_WARN_INT_CONVERSION = YES;
				CLANG_WARN_NON_LITERAL_NULL_CONVERSION = YES;
				CLANG_WARN_OBJC_IMPLICIT_RETAIN_SELF = YES;
				CLANG_WARN_OBJC_LITERAL_CONVERSION = YES;
				CLANG_WARN_OBJC_ROOT_CLASS = YES_ERROR;
				CLANG_WARN_QUOTED_INCLUDE_IN_FRAMEWORK_HEADER = YES;
				CLANG_WARN_RANGE_LOOP_ANALYSIS = YES;
				CLANG_WARN_STRICT_PROTOTYPES = YES;
				CLANG_WARN_SUSPICIOUS_MOVE = YES;
				CLANG_WARN_UNGUARDED_AVAILABILITY = YES_AGGRESSIVE;
				CLANG_WARN_UNREACHABLE_CODE = YES;
				CLANG_WARN__DUPLICATE_METHOD_MATCH = YES;
				COPY_PHASE_STRIP = NO;
				DEBUG_INFORMATION_FORMAT = "dwarf-with-dsym";
				ENABLE_NS_ASSERTIONS = NO;
				ENABLE_STRICT_OBJC_MSGSEND = YES;
				GCC_C_LANGUAGE_STANDARD = gnu11;
				GCC_NO_COMMON_BLOCKS = YES;
				GCC_WARN_64_TO_32_BIT_CONVERSION = YES;
				GCC_WARN_ABOUT_RETURN_TYPE = YES_ERROR;
				GCC_WARN_UNDECLARED_SELECTOR = YES;
				GCC_WARN_UNINITIALIZED_AUTOS = YES_AGGRESSIVE;
				GCC_WARN_UNUSED_FUNCTION = YES;
				GCC_WARN_UNUSED_VARIABLE = YES;
				IPHONEOS_DEPLOYMENT_TARGET = 16.1;
				MTL_ENABLE_DEBUG_INFO = NO;
				MTL_FAST_MATH = YES;
				SDKROOT = iphoneos;
				SWIFT_COMPILATION_MODE = wholemodule;
				SWIFT_OPTIMIZATION_LEVEL = "-O";
				VALIDATE_PRODUCT = YES;
			};
			name = Release;
		};
		881E137929A523F600EA525C /* Debug */ = {
			isa = XCBuildConfiguration;
			buildSettings = {
				ASSETCATALOG_COMPILER_APPICON_NAME = AppIcon;
				ASSETCATALOG_COMPILER_GLOBAL_ACCENT_COLOR_NAME = AccentColor;
				CODE_SIGN_STYLE = Automatic;
				CURRENT_PROJECT_VERSION = 1;
				DEVELOPMENT_ASSET_PATHS = "\"MPlay/Preview Content\"";
				DEVELOPMENT_TEAM = 82WXEWTYFH;
				ENABLE_PREVIEWS = YES;
				GENERATE_INFOPLIST_FILE = YES;
				GRAPHQL_URL = "http://localhost:4000/graphql";
				INFOPLIST_FILE = MPlay/Info.plist;
				INFOPLIST_KEY_UIApplicationSceneManifest_Generation = YES;
				INFOPLIST_KEY_UIApplicationSupportsIndirectInputEvents = YES;
				INFOPLIST_KEY_UILaunchScreen_Generation = YES;
				INFOPLIST_KEY_UISupportedInterfaceOrientations_iPad = "UIInterfaceOrientationPortrait UIInterfaceOrientationPortraitUpsideDown UIInterfaceOrientationLandscapeLeft UIInterfaceOrientationLandscapeRight";
				INFOPLIST_KEY_UISupportedInterfaceOrientations_iPhone = "UIInterfaceOrientationPortrait UIInterfaceOrientationLandscapeLeft UIInterfaceOrientationLandscapeRight";
				LD_RUNPATH_SEARCH_PATHS = (
					"$(inherited)",
					"@executable_path/Frameworks",
				);
				MARKETING_VERSION = 1.0;
				PRODUCT_BUNDLE_IDENTIFIER = samsonlopez.MPlay;
				PRODUCT_NAME = "$(TARGET_NAME)";
				SWIFT_EMIT_LOC_STRINGS = YES;
				SWIFT_VERSION = 5.0;
				TARGETED_DEVICE_FAMILY = "1,2";
			};
			name = Debug;
		};
		881E137A29A523F600EA525C /* Release */ = {
			isa = XCBuildConfiguration;
			buildSettings = {
				ASSETCATALOG_COMPILER_APPICON_NAME = AppIcon;
				ASSETCATALOG_COMPILER_GLOBAL_ACCENT_COLOR_NAME = AccentColor;
				CODE_SIGN_STYLE = Automatic;
				CURRENT_PROJECT_VERSION = 1;
				DEVELOPMENT_ASSET_PATHS = "\"MPlay/Preview Content\"";
				DEVELOPMENT_TEAM = 82WXEWTYFH;
				ENABLE_PREVIEWS = YES;
				GENERATE_INFOPLIST_FILE = YES;
				GRAPHQL_URL = "http://localhost:4000/graphql";
				INFOPLIST_FILE = MPlay/Info.plist;
				INFOPLIST_KEY_UIApplicationSceneManifest_Generation = YES;
				INFOPLIST_KEY_UIApplicationSupportsIndirectInputEvents = YES;
				INFOPLIST_KEY_UILaunchScreen_Generation = YES;
				INFOPLIST_KEY_UISupportedInterfaceOrientations_iPad = "UIInterfaceOrientationPortrait UIInterfaceOrientationPortraitUpsideDown UIInterfaceOrientationLandscapeLeft UIInterfaceOrientationLandscapeRight";
				INFOPLIST_KEY_UISupportedInterfaceOrientations_iPhone = "UIInterfaceOrientationPortrait UIInterfaceOrientationLandscapeLeft UIInterfaceOrientationLandscapeRight";
				LD_RUNPATH_SEARCH_PATHS = (
					"$(inherited)",
					"@executable_path/Frameworks",
				);
				MARKETING_VERSION = 1.0;
				PRODUCT_BUNDLE_IDENTIFIER = samsonlopez.MPlay;
				PRODUCT_NAME = "$(TARGET_NAME)";
				SWIFT_EMIT_LOC_STRINGS = YES;
				SWIFT_VERSION = 5.0;
				TARGETED_DEVICE_FAMILY = "1,2";
			};
			name = Release;
		};
		881E137C29A523F600EA525C /* Debug */ = {
			isa = XCBuildConfiguration;
			buildSettings = {
				ALWAYS_EMBED_SWIFT_STANDARD_LIBRARIES = YES;
				BUNDLE_LOADER = "$(TEST_HOST)";
				CODE_SIGN_STYLE = Automatic;
				CURRENT_PROJECT_VERSION = 1;
				DEVELOPMENT_TEAM = 82WXEWTYFH;
				GENERATE_INFOPLIST_FILE = YES;
				IPHONEOS_DEPLOYMENT_TARGET = 16.1;
				MARKETING_VERSION = 1.0;
				PRODUCT_BUNDLE_IDENTIFIER = samsonlopez.MPlayTests;
				PRODUCT_NAME = "$(TARGET_NAME)";
				SWIFT_EMIT_LOC_STRINGS = NO;
				SWIFT_VERSION = 5.0;
				TARGETED_DEVICE_FAMILY = "1,2";
				TEST_HOST = "$(BUILT_PRODUCTS_DIR)/MPlay.app/$(BUNDLE_EXECUTABLE_FOLDER_PATH)/MPlay";
			};
			name = Debug;
		};
		881E137D29A523F600EA525C /* Release */ = {
			isa = XCBuildConfiguration;
			buildSettings = {
				ALWAYS_EMBED_SWIFT_STANDARD_LIBRARIES = YES;
				BUNDLE_LOADER = "$(TEST_HOST)";
				CODE_SIGN_STYLE = Automatic;
				CURRENT_PROJECT_VERSION = 1;
				DEVELOPMENT_TEAM = 82WXEWTYFH;
				GENERATE_INFOPLIST_FILE = YES;
				IPHONEOS_DEPLOYMENT_TARGET = 16.1;
				MARKETING_VERSION = 1.0;
				PRODUCT_BUNDLE_IDENTIFIER = samsonlopez.MPlayTests;
				PRODUCT_NAME = "$(TARGET_NAME)";
				SWIFT_EMIT_LOC_STRINGS = NO;
				SWIFT_VERSION = 5.0;
				TARGETED_DEVICE_FAMILY = "1,2";
				TEST_HOST = "$(BUILT_PRODUCTS_DIR)/MPlay.app/$(BUNDLE_EXECUTABLE_FOLDER_PATH)/MPlay";
			};
			name = Release;
		};
		881E137F29A523F600EA525C /* Debug */ = {
			isa = XCBuildConfiguration;
			buildSettings = {
				ALWAYS_EMBED_SWIFT_STANDARD_LIBRARIES = YES;
				CODE_SIGN_STYLE = Automatic;
				CURRENT_PROJECT_VERSION = 1;
				DEVELOPMENT_TEAM = 82WXEWTYFH;
				GENERATE_INFOPLIST_FILE = YES;
				MARKETING_VERSION = 1.0;
				PRODUCT_BUNDLE_IDENTIFIER = samsonlopez.MPlayUITests;
				PRODUCT_NAME = "$(TARGET_NAME)";
				SWIFT_EMIT_LOC_STRINGS = NO;
				SWIFT_VERSION = 5.0;
				TARGETED_DEVICE_FAMILY = "1,2";
				TEST_TARGET_NAME = MPlay;
			};
			name = Debug;
		};
		881E138029A523F600EA525C /* Release */ = {
			isa = XCBuildConfiguration;
			buildSettings = {
				ALWAYS_EMBED_SWIFT_STANDARD_LIBRARIES = YES;
				CODE_SIGN_STYLE = Automatic;
				CURRENT_PROJECT_VERSION = 1;
				DEVELOPMENT_TEAM = 82WXEWTYFH;
				GENERATE_INFOPLIST_FILE = YES;
				MARKETING_VERSION = 1.0;
				PRODUCT_BUNDLE_IDENTIFIER = samsonlopez.MPlayUITests;
				PRODUCT_NAME = "$(TARGET_NAME)";
				SWIFT_EMIT_LOC_STRINGS = NO;
				SWIFT_VERSION = 5.0;
				TARGETED_DEVICE_FAMILY = "1,2";
				TEST_TARGET_NAME = MPlay;
			};
			name = Release;
		};
/* End XCBuildConfiguration section */

/* Begin XCConfigurationList section */
		881E134A29A523F500EA525C /* Build configuration list for PBXProject "MPlay" */ = {
			isa = XCConfigurationList;
			buildConfigurations = (
				881E137629A523F600EA525C /* Debug */,
				881E137729A523F600EA525C /* Release */,
			);
			defaultConfigurationIsVisible = 0;
			defaultConfigurationName = Release;
		};
		881E137829A523F600EA525C /* Build configuration list for PBXNativeTarget "MPlay" */ = {
			isa = XCConfigurationList;
			buildConfigurations = (
				881E137929A523F600EA525C /* Debug */,
				881E137A29A523F600EA525C /* Release */,
			);
			defaultConfigurationIsVisible = 0;
			defaultConfigurationName = Release;
		};
		881E137B29A523F600EA525C /* Build configuration list for PBXNativeTarget "MPlayTests" */ = {
			isa = XCConfigurationList;
			buildConfigurations = (
				881E137C29A523F600EA525C /* Debug */,
				881E137D29A523F600EA525C /* Release */,
			);
			defaultConfigurationIsVisible = 0;
			defaultConfigurationName = Release;
		};
		881E137E29A523F600EA525C /* Build configuration list for PBXNativeTarget "MPlayUITests" */ = {
			isa = XCConfigurationList;
			buildConfigurations = (
				881E137F29A523F600EA525C /* Debug */,
				881E138029A523F600EA525C /* Release */,
			);
			defaultConfigurationIsVisible = 0;
			defaultConfigurationName = Release;
		};
/* End XCConfigurationList section */

/* Begin XCSwiftPackageProductDependency section */
		88FC8BBB29EC63BA00841CA0 /* Landing */ = {
			isa = XCSwiftPackageProductDependency;
			productName = Landing;
		};
		88FC8BBD29EC63DA00841CA0 /* Home */ = {
			isa = XCSwiftPackageProductDependency;
			productName = Home;
		};
/* End XCSwiftPackageProductDependency section */

/* Begin XCVersionGroup section */
		881E135D29A523F600EA525C /* MPlay.xcdatamodeld */ = {
			isa = XCVersionGroup;
			children = (
				881E135E29A523F600EA525C /* MPlay.xcdatamodel */,
			);
			currentVersion = 881E135E29A523F600EA525C /* MPlay.xcdatamodel */;
			path = MPlay.xcdatamodeld;
			sourceTree = "<group>";
			versionGroupType = wrapper.xcdatamodel;
		};
/* End XCVersionGroup section */
	};
	rootObject = 881E134729A523F500EA525C /* Project object */;
}
